// !$*UTF8*$!
{
	archiveVersion = 1;
	classes = {
	};
	objectVersion = 56;
	objects = {

/* Begin PBXBuildFile section */
		1B87D0672C2F001B0072A225 /* IOS_Test_Video_AppApp.swift in Sources */ = {isa = PBXBuildFile; fileRef = 1B87D0662C2F001B0072A225 /* IOS_Test_Video_AppApp.swift */; };
		1B87D0692C2F001B0072A225 /* ContentView.swift in Sources */ = {isa = PBXBuildFile; fileRef = 1B87D0682C2F001B0072A225 /* ContentView.swift */; };
		1B87D06B2C2F00330072A225 /* Assets.xcassets in Resources */ = {isa = PBXBuildFile; fileRef = 1B87D06A2C2F00330072A225 /* Assets.xcassets */; };
		1B87D06F2C2F00330072A225 /* Preview Assets.xcassets in Resources */ = {isa = PBXBuildFile; fileRef = 1B87D06E2C2F00330072A225 /* Preview Assets.xcassets */; };
		1B87D0792C2F00350072A225 /* IOS_Test_Video_AppTests.swift in Sources */ = {isa = PBXBuildFile; fileRef = 1B87D0782C2F00350072A225 /* IOS_Test_Video_AppTests.swift */; };
		1B87D0832C2F00350072A225 /* IOS_Test_Video_AppUITests.swift in Sources */ = {isa = PBXBuildFile; fileRef = 1B87D0822C2F00350072A225 /* IOS_Test_Video_AppUITests.swift */; };
		1B87D0852C2F00350072A225 /* IOS_Test_Video_AppUITestsLaunchTests.swift in Sources */ = {isa = PBXBuildFile; fileRef = 1B87D0842C2F00350072A225 /* IOS_Test_Video_AppUITestsLaunchTests.swift */; };
/* End PBXBuildFile section */

/* Begin PBXContainerItemProxy section */
		1B87D0752C2F00350072A225 /* PBXContainerItemProxy */ = {
			isa = PBXContainerItemProxy;
			containerPortal = 1B87D05B2C2F001B0072A225 /* Project object */;
			proxyType = 1;
			remoteGlobalIDString = 1B87D0622C2F001B0072A225;
			remoteInfo = "IOS Test Video App";
		};
		1B87D07F2C2F00350072A225 /* PBXContainerItemProxy */ = {
			isa = PBXContainerItemProxy;
			containerPortal = 1B87D05B2C2F001B0072A225 /* Project object */;
			proxyType = 1;
			remoteGlobalIDString = 1B87D0622C2F001B0072A225;
			remoteInfo = "IOS Test Video App";
		};
/* End PBXContainerItemProxy section */

/* Begin PBXFileReference section */
		1B87D0632C2F001B0072A225 /* IOS Test Video App.app */ = {isa = PBXFileReference; explicitFileType = wrapper.application; includeInIndex = 0; path = "IOS Test Video App.app"; sourceTree = BUILT_PRODUCTS_DIR; };
		1B87D0662C2F001B0072A225 /* IOS_Test_Video_AppApp.swift */ = {isa = PBXFileReference; lastKnownFileType = sourcecode.swift; path = IOS_Test_Video_AppApp.swift; sourceTree = "<group>"; };
		1B87D0682C2F001B0072A225 /* ContentView.swift */ = {isa = PBXFileReference; lastKnownFileType = sourcecode.swift; path = ContentView.swift; sourceTree = "<group>"; };
		1B87D06A2C2F00330072A225 /* Assets.xcassets */ = {isa = PBXFileReference; lastKnownFileType = folder.assetcatalog; path = Assets.xcassets; sourceTree = "<group>"; };
		1B87D06C2C2F00330072A225 /* IOS_Test_Video_App.entitlements */ = {isa = PBXFileReference; lastKnownFileType = text.plist.entitlements; path = IOS_Test_Video_App.entitlements; sourceTree = "<group>"; };
		1B87D06E2C2F00330072A225 /* Preview Assets.xcassets */ = {isa = PBXFileReference; lastKnownFileType = folder.assetcatalog; path = "Preview Assets.xcassets"; sourceTree = "<group>"; };
		1B87D0742C2F00350072A225 /* IOS Test Video AppTests.xctest */ = {isa = PBXFileReference; explicitFileType = wrapper.cfbundle; includeInIndex = 0; path = "IOS Test Video AppTests.xctest"; sourceTree = BUILT_PRODUCTS_DIR; };
		1B87D0782C2F00350072A225 /* IOS_Test_Video_AppTests.swift */ = {isa = PBXFileReference; lastKnownFileType = sourcecode.swift; path = IOS_Test_Video_AppTests.swift; sourceTree = "<group>"; };
		1B87D07E2C2F00350072A225 /* IOS Test Video AppUITests.xctest */ = {isa = PBXFileReference; explicitFileType = wrapper.cfbundle; includeInIndex = 0; path = "IOS Test Video AppUITests.xctest"; sourceTree = BUILT_PRODUCTS_DIR; };
		1B87D0822C2F00350072A225 /* IOS_Test_Video_AppUITests.swift */ = {isa = PBXFileReference; lastKnownFileType = sourcecode.swift; path = IOS_Test_Video_AppUITests.swift; sourceTree = "<group>"; };
		1B87D0842C2F00350072A225 /* IOS_Test_Video_AppUITestsLaunchTests.swift */ = {isa = PBXFileReference; lastKnownFileType = sourcecode.swift; path = IOS_Test_Video_AppUITestsLaunchTests.swift; sourceTree = "<group>"; };
/* End PBXFileReference section */

/* Begin PBXFrameworksBuildPhase section */
		1B87D0602C2F001B0072A225 /* Frameworks */ = {
			isa = PBXFrameworksBuildPhase;
			buildActionMask = 2147483647;
			files = (
			);
			runOnlyForDeploymentPostprocessing = 0;
		};
		1B87D0712C2F00350072A225 /* Frameworks */ = {
			isa = PBXFrameworksBuildPhase;
			buildActionMask = 2147483647;
			files = (
			);
			runOnlyForDeploymentPostprocessing = 0;
		};
		1B87D07B2C2F00350072A225 /* Frameworks */ = {
			isa = PBXFrameworksBuildPhase;
			buildActionMask = 2147483647;
			files = (
			);
			runOnlyForDeploymentPostprocessing = 0;
		};
/* End PBXFrameworksBuildPhase section */

/* Begin PBXGroup section */
		1B87D05A2C2F001B0072A225 = {
			isa = PBXGroup;
			children = (
				1B87D0652C2F001B0072A225 /* IOS Test Video App */,
				1B87D0772C2F00350072A225 /* IOS Test Video AppTests */,
				1B87D0812C2F00350072A225 /* IOS Test Video AppUITests */,
				1B87D0642C2F001B0072A225 /* Products */,
			);
			sourceTree = "<group>";
		};
		1B87D0642C2F001B0072A225 /* Products */ = {
			isa = PBXGroup;
			children = (
				1B87D0632C2F001B0072A225 /* IOS Test Video App.app */,
				1B87D0742C2F00350072A225 /* IOS Test Video AppTests.xctest */,
				1B87D07E2C2F00350072A225 /* IOS Test Video AppUITests.xctest */,
			);
			name = Products;
			sourceTree = "<group>";
		};
		1B87D0652C2F001B0072A225 /* IOS Test Video App */ = {
			isa = PBXGroup;
			children = (
				1B87D0662C2F001B0072A225 /* IOS_Test_Video_AppApp.swift */,
				1B87D0682C2F001B0072A225 /* ContentView.swift */,
				1B87D06A2C2F00330072A225 /* Assets.xcassets */,
				1B87D06C2C2F00330072A225 /* IOS_Test_Video_App.entitlements */,
				1B87D06D2C2F00330072A225 /* Preview Content */,
			);
			path = "IOS Test Video App";
			sourceTree = "<group>";
		};
		1B87D06D2C2F00330072A225 /* Preview Content */ = {
			isa = PBXGroup;
			children = (
				1B87D06E2C2F00330072A225 /* Preview Assets.xcassets */,
			);
			path = "Preview Content";
			sourceTree = "<group>";
		};
		1B87D0772C2F00350072A225 /* IOS Test Video AppTests */ = {
			isa = PBXGroup;
			children = (
				1B87D0782C2F00350072A225 /* IOS_Test_Video_AppTests.swift */,
			);
			path = "IOS Test Video AppTests";
			sourceTree = "<group>";
		};
		1B87D0812C2F00350072A225 /* IOS Test Video AppUITests */ = {
			isa = PBXGroup;
			children = (
				1B87D0822C2F00350072A225 /* IOS_Test_Video_AppUITests.swift */,
				1B87D0842C2F00350072A225 /* IOS_Test_Video_AppUITestsLaunchTests.swift */,
			);
			path = "IOS Test Video AppUITests";
			sourceTree = "<group>";
		};
/* End PBXGroup section */

/* Begin PBXNativeTarget section */
		1B87D0622C2F001B0072A225 /* IOS Test Video App */ = {
			isa = PBXNativeTarget;
			buildConfigurationList = 1B87D0882C2F00350072A225 /* Build configuration list for PBXNativeTarget "IOS Test Video App" */;
			buildPhases = (
				1B87D05F2C2F001B0072A225 /* Sources */,
				1B87D0602C2F001B0072A225 /* Frameworks */,
				1B87D0612C2F001B0072A225 /* Resources */,
			);
			buildRules = (
			);
			dependencies = (
			);
			name = "IOS Test Video App";
			productName = "IOS Test Video App";
			productReference = 1B87D0632C2F001B0072A225 /* IOS Test Video App.app */;
			productType = "com.apple.product-type.application";
		};
		1B87D0732C2F00350072A225 /* IOS Test Video AppTests */ = {
			isa = PBXNativeTarget;
			buildConfigurationList = 1B87D08B2C2F00350072A225 /* Build configuration list for PBXNativeTarget "IOS Test Video AppTests" */;
			buildPhases = (
				1B87D0702C2F00350072A225 /* Sources */,
				1B87D0712C2F00350072A225 /* Frameworks */,
				1B87D0722C2F00350072A225 /* Resources */,
			);
			buildRules = (
			);
			dependencies = (
				1B87D0762C2F00350072A225 /* PBXTargetDependency */,
			);
			name = "IOS Test Video AppTests";
			productName = "IOS Test Video AppTests";
			productReference = 1B87D0742C2F00350072A225 /* IOS Test Video AppTests.xctest */;
			productType = "com.apple.product-type.bundle.unit-test";
		};
		1B87D07D2C2F00350072A225 /* IOS Test Video AppUITests */ = {
			isa = PBXNativeTarget;
			buildConfigurationList = 1B87D08E2C2F00350072A225 /* Build configuration list for PBXNativeTarget "IOS Test Video AppUITests" */;
			buildPhases = (
				1B87D07A2C2F00350072A225 /* Sources */,
				1B87D07B2C2F00350072A225 /* Frameworks */,
				1B87D07C2C2F00350072A225 /* Resources */,
			);
			buildRules = (
			);
			dependencies = (
				1B87D0802C2F00350072A225 /* PBXTargetDependency */,
			);
			name = "IOS Test Video AppUITests";
			productName = "IOS Test Video AppUITests";
			productReference = 1B87D07E2C2F00350072A225 /* IOS Test Video AppUITests.xctest */;
			productType = "com.apple.product-type.bundle.ui-testing";
		};
/* End PBXNativeTarget section */

/* Begin PBXProject section */
		1B87D05B2C2F001B0072A225 /* Project object */ = {
			isa = PBXProject;
			attributes = {
				BuildIndependentTargetsInParallel = 1;
				LastSwiftUpdateCheck = 1540;
				LastUpgradeCheck = 1540;
				TargetAttributes = {
					1B87D0622C2F001B0072A225 = {
						CreatedOnToolsVersion = 15.4;
					};
					1B87D0732C2F00350072A225 = {
						CreatedOnToolsVersion = 15.4;
						TestTargetID = 1B87D0622C2F001B0072A225;
					};
					1B87D07D2C2F00350072A225 = {
						CreatedOnToolsVersion = 15.4;
						TestTargetID = 1B87D0622C2F001B0072A225;
					};
				};
			};
			buildConfigurationList = 1B87D05E2C2F001B0072A225 /* Build configuration list for PBXProject "IOS Test Video App" */;
			compatibilityVersion = "Xcode 14.0";
			developmentRegion = en;
			hasScannedForEncodings = 0;
			knownRegions = (
				en,
				Base,
			);
			mainGroup = 1B87D05A2C2F001B0072A225;
			productRefGroup = 1B87D0642C2F001B0072A225 /* Products */;
			projectDirPath = "";
			projectRoot = "";
			targets = (
				1B87D0622C2F001B0072A225 /* IOS Test Video App */,
				1B87D0732C2F00350072A225 /* IOS Test Video AppTests */,
				1B87D07D2C2F00350072A225 /* IOS Test Video AppUITests */,
			);
		};
/* End PBXProject section */

/* Begin PBXResourcesBuildPhase section */
		1B87D0612C2F001B0072A225 /* Resources */ = {
			isa = PBXResourcesBuildPhase;
			buildActionMask = 2147483647;
			files = (
				1B87D06F2C2F00330072A225 /* Preview Assets.xcassets in Resources */,
				1B87D06B2C2F00330072A225 /* Assets.xcassets in Resources */,
			);
			runOnlyForDeploymentPostprocessing = 0;
		};
		1B87D0722C2F00350072A225 /* Resources */ = {
			isa = PBXResourcesBuildPhase;
			buildActionMask = 2147483647;
			files = (
			);
			runOnlyForDeploymentPostprocessing = 0;
		};
		1B87D07C2C2F00350072A225 /* Resources */ = {
			isa = PBXResourcesBuildPhase;
			buildActionMask = 2147483647;
			files = (
			);
			runOnlyForDeploymentPostprocessing = 0;
		};
/* End PBXResourcesBuildPhase section */

/* Begin PBXSourcesBuildPhase section */
		1B87D05F2C2F001B0072A225 /* Sources */ = {
			isa = PBXSourcesBuildPhase;
			buildActionMask = 2147483647;
			files = (
				1B87D0692C2F001B0072A225 /* ContentView.swift in Sources */,
				1B87D0672C2F001B0072A225 /* IOS_Test_Video_AppApp.swift in Sources */,
			);
			runOnlyForDeploymentPostprocessing = 0;
		};
		1B87D0702C2F00350072A225 /* Sources */ = {
			isa = PBXSourcesBuildPhase;
			buildActionMask = 2147483647;
			files = (
				1B87D0792C2F00350072A225 /* IOS_Test_Video_AppTests.swift in Sources */,
			);
			runOnlyForDeploymentPostprocessing = 0;
		};
		1B87D07A2C2F00350072A225 /* Sources */ = {
			isa = PBXSourcesBuildPhase;
			buildActionMask = 2147483647;
			files = (
				1B87D0852C2F00350072A225 /* IOS_Test_Video_AppUITestsLaunchTests.swift in Sources */,
				1B87D0832C2F00350072A225 /* IOS_Test_Video_AppUITests.swift in Sources */,
			);
			runOnlyForDeploymentPostprocessing = 0;
		};
/* End PBXSourcesBuildPhase section */

/* Begin PBXTargetDependency section */
		1B87D0762C2F00350072A225 /* PBXTargetDependency */ = {
			isa = PBXTargetDependency;
			target = 1B87D0622C2F001B0072A225 /* IOS Test Video App */;
			targetProxy = 1B87D0752C2F00350072A225 /* PBXContainerItemProxy */;
		};
		1B87D0802C2F00350072A225 /* PBXTargetDependency */ = {
			isa = PBXTargetDependency;
			target = 1B87D0622C2F001B0072A225 /* IOS Test Video App */;
			targetProxy = 1B87D07F2C2F00350072A225 /* PBXContainerItemProxy */;
		};
/* End PBXTargetDependency section */

/* Begin XCBuildConfiguration section */
		1B87D0862C2F00350072A225 /* Debug */ = {
			isa = XCBuildConfiguration;
			buildSettings = {
				ALWAYS_SEARCH_USER_PATHS = NO;
				ASSETCATALOG_COMPILER_GENERATE_SWIFT_ASSET_SYMBOL_EXTENSIONS = YES;
				CLANG_ANALYZER_NONNULL = YES;
				CLANG_ANALYZER_NUMBER_OBJECT_CONVERSION = YES_AGGRESSIVE;
				CLANG_CXX_LANGUAGE_STANDARD = "gnu++20";
				CLANG_ENABLE_MODULES = YES;
				CLANG_ENABLE_OBJC_ARC = YES;
				CLANG_ENABLE_OBJC_WEAK = YES;
				CLANG_WARN_BLOCK_CAPTURE_AUTORELEASING = YES;
				CLANG_WARN_BOOL_CONVERSION = YES;
				CLANG_WARN_COMMA = YES;
				CLANG_WARN_CONSTANT_CONVERSION = YES;
				CLANG_WARN_DEPRECATED_OBJC_IMPLEMENTATIONS = YES;
				CLANG_WARN_DIRECT_OBJC_ISA_USAGE = YES_ERROR;
				CLANG_WARN_DOCUMENTATION_COMMENTS = YES;
				CLANG_WARN_EMPTY_BODY = YES;
				CLANG_WARN_ENUM_CONVERSION = YES;
				CLANG_WARN_INFINITE_RECURSION = YES;
				CLANG_WARN_INT_CONVERSION = YES;
				CLANG_WARN_NON_LITERAL_NULL_CONVERSION = YES;
				CLANG_WARN_OBJC_IMPLICIT_RETAIN_SELF = YES;
				CLANG_WARN_OBJC_LITERAL_CONVERSION = YES;
				CLANG_WARN_OBJC_ROOT_CLASS = YES_ERROR;
				CLANG_WARN_QUOTED_INCLUDE_IN_FRAMEWORK_HEADER = YES;
				CLANG_WARN_RANGE_LOOP_ANALYSIS = YES;
				CLANG_WARN_STRICT_PROTOTYPES = YES;
				CLANG_WARN_SUSPICIOUS_MOVE = YES;
				CLANG_WARN_UNGUARDED_AVAILABILITY = YES_AGGRESSIVE;
				CLANG_WARN_UNREACHABLE_CODE = YES;
				CLANG_WARN__DUPLICATE_METHOD_MATCH = YES;
				COPY_PHASE_STRIP = NO;
				DEBUG_INFORMATION_FORMAT = dwarf;
				ENABLE_STRICT_OBJC_MSGSEND = YES;
				ENABLE_TESTABILITY = YES;
				ENABLE_USER_SCRIPT_SANDBOXING = YES;
				GCC_C_LANGUAGE_STANDARD = gnu17;
				GCC_DYNAMIC_NO_PIC = NO;
				GCC_NO_COMMON_BLOCKS = YES;
				GCC_OPTIMIZATION_LEVEL = 0;
				GCC_PREPROCESSOR_DEFINITIONS = (
					"DEBUG=1",
					"$(inherited)",
				);
				GCC_WARN_64_TO_32_BIT_CONVERSION = YES;
				GCC_WARN_ABOUT_RETURN_TYPE = YES_ERROR;
				GCC_WARN_UNDECLARED_SELECTOR = YES;
				GCC_WARN_UNINITIALIZED_AUTOS = YES_AGGRESSIVE;
				GCC_WARN_UNUSED_FUNCTION = YES;
				GCC_WARN_UNUSED_VARIABLE = YES;
				LOCALIZATION_PREFERS_STRING_CATALOGS = YES;
				MTL_ENABLE_DEBUG_INFO = INCLUDE_SOURCE;
				MTL_FAST_MATH = YES;
				ONLY_ACTIVE_ARCH = YES;
				SWIFT_ACTIVE_COMPILATION_CONDITIONS = "DEBUG $(inherited)";
				SWIFT_OPTIMIZATION_LEVEL = "-Onone";
			};
			name = Debug;
		};
		1B87D0872C2F00350072A225 /* Release */ = {
			isa = XCBuildConfiguration;
			buildSettings = {
				ALWAYS_SEARCH_USER_PATHS = NO;
				ASSETCATALOG_COMPILER_GENERATE_SWIFT_ASSET_SYMBOL_EXTENSIONS = YES;
				CLANG_ANALYZER_NONNULL = YES;
				CLANG_ANALYZER_NUMBER_OBJECT_CONVERSION = YES_AGGRESSIVE;
				CLANG_CXX_LANGUAGE_STANDARD = "gnu++20";
				CLANG_ENABLE_MODULES = YES;
				CLANG_ENABLE_OBJC_ARC = YES;
				CLANG_ENABLE_OBJC_WEAK = YES;
				CLANG_WARN_BLOCK_CAPTURE_AUTORELEASING = YES;
				CLANG_WARN_BOOL_CONVERSION = YES;
				CLANG_WARN_COMMA = YES;
				CLANG_WARN_CONSTANT_CONVERSION = YES;
				CLANG_WARN_DEPRECATED_OBJC_IMPLEMENTATIONS = YES;
				CLANG_WARN_DIRECT_OBJC_ISA_USAGE = YES_ERROR;
				CLANG_WARN_DOCUMENTATION_COMMENTS = YES;
				CLANG_WARN_EMPTY_BODY = YES;
				CLANG_WARN_ENUM_CONVERSION = YES;
				CLANG_WARN_INFINITE_RECURSION = YES;
				CLANG_WARN_INT_CONVERSION = YES;
				CLANG_WARN_NON_LITERAL_NULL_CONVERSION = YES;
				CLANG_WARN_OBJC_IMPLICIT_RETAIN_SELF = YES;
				CLANG_WARN_OBJC_LITERAL_CONVERSION = YES;
				CLANG_WARN_OBJC_ROOT_CLASS = YES_ERROR;
				CLANG_WARN_QUOTED_INCLUDE_IN_FRAMEWORK_HEADER = YES;
				CLANG_WARN_RANGE_LOOP_ANALYSIS = YES;
				CLANG_WARN_STRICT_PROTOTYPES = YES;
				CLANG_WARN_SUSPICIOUS_MOVE = YES;
				CLANG_WARN_UNGUARDED_AVAILABILITY = YES_AGGRESSIVE;
				CLANG_WARN_UNREACHABLE_CODE = YES;
				CLANG_WARN__DUPLICATE_METHOD_MATCH = YES;
				COPY_PHASE_STRIP = NO;
				DEBUG_INFORMATION_FORMAT = "dwarf-with-dsym";
				ENABLE_NS_ASSERTIONS = NO;
				ENABLE_STRICT_OBJC_MSGSEND = YES;
				ENABLE_USER_SCRIPT_SANDBOXING = YES;
				GCC_C_LANGUAGE_STANDARD = gnu17;
				GCC_NO_COMMON_BLOCKS = YES;
				GCC_WARN_64_TO_32_BIT_CONVERSION = YES;
				GCC_WARN_ABOUT_RETURN_TYPE = YES_ERROR;
				GCC_WARN_UNDECLARED_SELECTOR = YES;
				GCC_WARN_UNINITIALIZED_AUTOS = YES_AGGRESSIVE;
				GCC_WARN_UNUSED_FUNCTION = YES;
				GCC_WARN_UNUSED_VARIABLE = YES;
				LOCALIZATION_PREFERS_STRING_CATALOGS = YES;
				MTL_ENABLE_DEBUG_INFO = NO;
				MTL_FAST_MATH = YES;
				SWIFT_COMPILATION_MODE = wholemodule;
			};
			name = Release;
		};
		1B87D0892C2F00350072A225 /* Debug */ = {
			isa = XCBuildConfiguration;
			buildSettings = {
				ASSETCATALOG_COMPILER_APPICON_NAME = AppIcon;
				ASSETCATALOG_COMPILER_GLOBAL_ACCENT_COLOR_NAME = AccentColor;
				CODE_SIGN_ENTITLEMENTS = "IOS Test Video App/IOS_Test_Video_App.entitlements";
				CODE_SIGN_STYLE = Automatic;
				CURRENT_PROJECT_VERSION = 1;
				DEVELOPMENT_ASSET_PATHS = "\"IOS Test Video App/Preview Content\"";
				ENABLE_PREVIEWS = YES;
				GENERATE_INFOPLIST_FILE = YES;
				"INFOPLIST_KEY_UIApplicationSceneManifest_Generation[sdk=iphoneos*]" = YES;
				"INFOPLIST_KEY_UIApplicationSceneManifest_Generation[sdk=iphonesimulator*]" = YES;
				"INFOPLIST_KEY_UIApplicationSupportsIndirectInputEvents[sdk=iphoneos*]" = YES;
				"INFOPLIST_KEY_UIApplicationSupportsIndirectInputEvents[sdk=iphonesimulator*]" = YES;
				"INFOPLIST_KEY_UILaunchScreen_Generation[sdk=iphoneos*]" = YES;
				"INFOPLIST_KEY_UILaunchScreen_Generation[sdk=iphonesimulator*]" = YES;
				"INFOPLIST_KEY_UIStatusBarStyle[sdk=iphoneos*]" = UIStatusBarStyleDefault;
				"INFOPLIST_KEY_UIStatusBarStyle[sdk=iphonesimulator*]" = UIStatusBarStyleDefault;
				INFOPLIST_KEY_UISupportedInterfaceOrientations_iPad = "UIInterfaceOrientationPortrait UIInterfaceOrientationPortraitUpsideDown UIInterfaceOrientationLandscapeLeft UIInterfaceOrientationLandscapeRight";
				INFOPLIST_KEY_UISupportedInterfaceOrientations_iPhone = "UIInterfaceOrientationPortrait UIInterfaceOrientationLandscapeLeft UIInterfaceOrientationLandscapeRight";
				IPHONEOS_DEPLOYMENT_TARGET = 17.5;
				LD_RUNPATH_SEARCH_PATHS = "@executable_path/Frameworks";
				"LD_RUNPATH_SEARCH_PATHS[sdk=macosx*]" = "@executable_path/../Frameworks";
				MACOSX_DEPLOYMENT_TARGET = 14.5;
				MARKETING_VERSION = 1.0;
				PRODUCT_BUNDLE_IDENTIFIER = "com.shuklansh.IOS-Test-Video-App";
				PRODUCT_NAME = "$(TARGET_NAME)";
				SDKROOT = auto;
				SUPPORTED_PLATFORMS = "iphoneos iphonesimulator macosx";
				SWIFT_EMIT_LOC_STRINGS = YES;
				SWIFT_VERSION = 5.0;
				TARGETED_DEVICE_FAMILY = "1,2";
			};
			name = Debug;
		};
		1B87D08A2C2F00350072A225 /* Release */ = {
			isa = XCBuildConfiguration;
			buildSettings = {
				ASSETCATALOG_COMPILER_APPICON_NAME = AppIcon;
				ASSETCATALOG_COMPILER_GLOBAL_ACCENT_COLOR_NAME = AccentColor;
				CODE_SIGN_ENTITLEMENTS = "IOS Test Video App/IOS_Test_Video_App.entitlements";
				CODE_SIGN_STYLE = Automatic;
				CURRENT_PROJECT_VERSION = 1;
				DEVELOPMENT_ASSET_PATHS = "\"IOS Test Video App/Preview Content\"";
				ENABLE_PREVIEWS = YES;
				GENERATE_INFOPLIST_FILE = YES;
				"INFOPLIST_KEY_UIApplicationSceneManifest_Generation[sdk=iphoneos*]" = YES;
				"INFOPLIST_KEY_UIApplicationSceneManifest_Generation[sdk=iphonesimulator*]" = YES;
				"INFOPLIST_KEY_UIApplicationSupportsIndirectInputEvents[sdk=iphoneos*]" = YES;
				"INFOPLIST_KEY_UIApplicationSupportsIndirectInputEvents[sdk=iphonesimulator*]" = YES;
				"INFOPLIST_KEY_UILaunchScreen_Generation[sdk=iphoneos*]" = YES;
				"INFOPLIST_KEY_UILaunchScreen_Generation[sdk=iphonesimulator*]" = YES;
				"INFOPLIST_KEY_UIStatusBarStyle[sdk=iphoneos*]" = UIStatusBarStyleDefault;
				"INFOPLIST_KEY_UIStatusBarStyle[sdk=iphonesimulator*]" = UIStatusBarStyleDefault;
				INFOPLIST_KEY_UISupportedInterfaceOrientations_iPad = "UIInterfaceOrientationPortrait UIInterfaceOrientationPortraitUpsideDown UIInterfaceOrientationLandscapeLeft UIInterfaceOrientationLandscapeRight";
				INFOPLIST_KEY_UISupportedInterfaceOrientations_iPhone = "UIInterfaceOrientationPortrait UIInterfaceOrientationLandscapeLeft UIInterfaceOrientationLandscapeRight";
				IPHONEOS_DEPLOYMENT_TARGET = 17.5;
				LD_RUNPATH_SEARCH_PATHS = "@executable_path/Frameworks";
				"LD_RUNPATH_SEARCH_PATHS[sdk=macosx*]" = "@executable_path/../Frameworks";
				MACOSX_DEPLOYMENT_TARGET = 14.5;
				MARKETING_VERSION = 1.0;
				PRODUCT_BUNDLE_IDENTIFIER = "com.shuklansh.IOS-Test-Video-App";
				PRODUCT_NAME = "$(TARGET_NAME)";
				SDKROOT = auto;
				SUPPORTED_PLATFORMS = "iphoneos iphonesimulator macosx";
				SWIFT_EMIT_LOC_STRINGS = YES;
				SWIFT_VERSION = 5.0;
				TARGETED_DEVICE_FAMILY = "1,2";
			};
			name = Release;
		};
		1B87D08C2C2F00350072A225 /* Debug */ = {
			isa = XCBuildConfiguration;
			buildSettings = {
				ALWAYS_EMBED_SWIFT_STANDARD_LIBRARIES = YES;
				BUNDLE_LOADER = "$(TEST_HOST)";
				CODE_SIGN_STYLE = Automatic;
				CURRENT_PROJECT_VERSION = 1;
				GENERATE_INFOPLIST_FILE = YES;
				IPHONEOS_DEPLOYMENT_TARGET = 17.5;
				MACOSX_DEPLOYMENT_TARGET = 14.5;
				MARKETING_VERSION = 1.0;
				PRODUCT_BUNDLE_IDENTIFIER = "com.shuklansh.IOS-Test-Video-AppTests";
				PRODUCT_NAME = "$(TARGET_NAME)";
				SDKROOT = auto;
				SUPPORTED_PLATFORMS = "iphoneos iphonesimulator macosx";
				SWIFT_EMIT_LOC_STRINGS = NO;
				SWIFT_VERSION = 5.0;
				TARGETED_DEVICE_FAMILY = "1,2";
				TEST_HOST = "$(BUILT_PRODUCTS_DIR)/IOS Test Video App.app/$(BUNDLE_EXECUTABLE_FOLDER_PATH)/IOS Test Video App";
			};
			name = Debug;
		};
		1B87D08D2C2F00350072A225 /* Release */ = {
			isa = XCBuildConfiguration;
			buildSettings = {
				ALWAYS_EMBED_SWIFT_STANDARD_LIBRARIES = YES;
				BUNDLE_LOADER = "$(TEST_HOST)";
				CODE_SIGN_STYLE = Automatic;
				CURRENT_PROJECT_VERSION = 1;
				GENERATE_INFOPLIST_FILE = YES;
				IPHONEOS_DEPLOYMENT_TARGET = 17.5;
				MACOSX_DEPLOYMENT_TARGET = 14.5;
				MARKETING_VERSION = 1.0;
				PRODUCT_BUNDLE_IDENTIFIER = "com.shuklansh.IOS-Test-Video-AppTests";
				PRODUCT_NAME = "$(TARGET_NAME)";
				SDKROOT = auto;
				SUPPORTED_PLATFORMS = "iphoneos iphonesimulator macosx";
				SWIFT_EMIT_LOC_STRINGS = NO;
				SWIFT_VERSION = 5.0;
				TARGETED_DEVICE_FAMILY = "1,2";
				TEST_HOST = "$(BUILT_PRODUCTS_DIR)/IOS Test Video App.app/$(BUNDLE_EXECUTABLE_FOLDER_PATH)/IOS Test Video App";
			};
			name = Release;
		};
		1B87D08F2C2F00350072A225 /* Debug */ = {
			isa = XCBuildConfiguration;
			buildSettings = {
				ALWAYS_EMBED_SWIFT_STANDARD_LIBRARIES = YES;
				CODE_SIGN_STYLE = Automatic;
				CURRENT_PROJECT_VERSION = 1;
				GENERATE_INFOPLIST_FILE = YES;
				IPHONEOS_DEPLOYMENT_TARGET = 17.5;
				MACOSX_DEPLOYMENT_TARGET = 14.5;
				MARKETING_VERSION = 1.0;
				PRODUCT_BUNDLE_IDENTIFIER = "com.shuklansh.IOS-Test-Video-AppUITests";
				PRODUCT_NAME = "$(TARGET_NAME)";
				SDKROOT = auto;
				SUPPORTED_PLATFORMS = "iphoneos iphonesimulator macosx";
				SWIFT_EMIT_LOC_STRINGS = NO;
				SWIFT_VERSION = 5.0;
				TARGETED_DEVICE_FAMILY = "1,2";
				TEST_TARGET_NAME = "IOS Test Video App";
			};
			name = Debug;
		};
		1B87D0902C2F00350072A225 /* Release */ = {
			isa = XCBuildConfiguration;
			buildSettings = {
				ALWAYS_EMBED_SWIFT_STANDARD_LIBRARIES = YES;
				CODE_SIGN_STYLE = Automatic;
				CURRENT_PROJECT_VERSION = 1;
				GENERATE_INFOPLIST_FILE = YES;
				IPHONEOS_DEPLOYMENT_TARGET = 17.5;
				MACOSX_DEPLOYMENT_TARGET = 14.5;
				MARKETING_VERSION = 1.0;
				PRODUCT_BUNDLE_IDENTIFIER = "com.shuklansh.IOS-Test-Video-AppUITests";
				PRODUCT_NAME = "$(TARGET_NAME)";
				SDKROOT = auto;
				SUPPORTED_PLATFORMS = "iphoneos iphonesimulator macosx";
				SWIFT_EMIT_LOC_STRINGS = NO;
				SWIFT_VERSION = 5.0;
				TARGETED_DEVICE_FAMILY = "1,2";
				TEST_TARGET_NAME = "IOS Test Video App";
			};
			name = Release;
		};
/* End XCBuildConfiguration section */

/* Begin XCConfigurationList section */
		1B87D05E2C2F001B0072A225 /* Build configuration list for PBXProject "IOS Test Video App" */ = {
			isa = XCConfigurationList;
			buildConfigurations = (
				1B87D0862C2F00350072A225 /* Debug */,
				1B87D0872C2F00350072A225 /* Release */,
			);
			defaultConfigurationIsVisible = 0;
			defaultConfigurationName = Release;
		};
		1B87D0882C2F00350072A225 /* Build configuration list for PBXNativeTarget "IOS Test Video App" */ = {
			isa = XCConfigurationList;
			buildConfigurations = (
				1B87D0892C2F00350072A225 /* Debug */,
				1B87D08A2C2F00350072A225 /* Release */,
			);
			defaultConfigurationIsVisible = 0;
			defaultConfigurationName = Release;
		};
		1B87D08B2C2F00350072A225 /* Build configuration list for PBXNativeTarget "IOS Test Video AppTests" */ = {
			isa = XCConfigurationList;
			buildConfigurations = (
				1B87D08C2C2F00350072A225 /* Debug */,
				1B87D08D2C2F00350072A225 /* Release */,
			);
			defaultConfigurationIsVisible = 0;
			defaultConfigurationName = Release;
		};
		1B87D08E2C2F00350072A225 /* Build configuration list for PBXNativeTarget "IOS Test Video AppUITests" */ = {
			isa = XCConfigurationList;
			buildConfigurations = (
				1B87D08F2C2F00350072A225 /* Debug */,
				1B87D0902C2F00350072A225 /* Release */,
			);
			defaultConfigurationIsVisible = 0;
			defaultConfigurationName = Release;
		};
/* End XCConfigurationList section */
	};
	rootObject = 1B87D05B2C2F001B0072A225 /* Project object */;
}
